
Microsoft Visual Studio Solution File, Format Version 12.00
# Visual Studio Version 17
VisualStudioVersion = 17.4.33110.190
MinimumVisualStudioVersion = 10.0.40219.1
Project("{FAE04EC0-301F-11D3-BF4B-00C04F79EFBC}") = "CRUD Net 7 MVC", "CRUD Net 7 MVC\CRUD Net 7 MVC.csproj", "{689B6231-641A-49EA-98EC-942BF091FE20}"
EndProject
Global
	GlobalSection(SolutionConfigurationPlatforms) = preSolution
		Debug|Any CPU = Debug|Any CPU
		Release|Any CPU = Release|Any CPU
	EndGlobalSection
	GlobalSection(ProjectConfigurationPlatforms) = postSolution
		{689B6231-641A-49EA-98EC-942BF091FE20}.Debug|Any CPU.ActiveCfg = Debug|Any CPU
		{689B6231-641A-49EA-98EC-942BF091FE20}.Debug|Any CPU.Build.0 = Debug|Any CPU
		{689B6231-641A-49EA-98EC-942BF091FE20}.Release|Any CPU.ActiveCfg = Release|Any CPU
		{689B6231-641A-49EA-98EC-942BF091FE20}.Release|Any CPU.Build.0 = Release|Any CPU
	EndGlobalSection
	GlobalSection(SolutionProperties) = preSolution
		HideSolutionNode = FALSE
	EndGlobalSection
	GlobalSection(ExtensibilityGlobals) = postSolution
		SolutionGuid = {A83D70F1-DE5E-43E0-A331-E3EF5B25F48B}
	EndGlobalSection
EndGlobal
